Microsoft Visual Studio Solution File, Format Version 11.00
# Visual Studio 2008

Project("{F9660EFB-D885-9E54-5AD4-A5475AA5C039}") = "Straw_Man", "Assembly-CSharp.csproj", "{14F83FF6-542F-8551-71D1-F6144E146BBC}"
EndProject
Global
	GlobalSection(SolutionConfigurationPlatforms) = preSolution
		Debug|Any CPU = Debug|Any CPU
		Release|Any CPU = Release|Any CPU
	EndGlobalSection
	GlobalSection(ProjectConfigurationPlatforms) = postSolution
		{14F83FF6-542F-8551-71D1-F6144E146BBC}.Debug|Any CPU.ActiveCfg = Debug|Any CPU
		{14F83FF6-542F-8551-71D1-F6144E146BBC}.Debug|Any CPU.Build.0 = Debug|Any CPU
		{14F83FF6-542F-8551-71D1-F6144E146BBC}.Release|Any CPU.ActiveCfg = Release|Any CPU
		{14F83FF6-542F-8551-71D1-F6144E146BBC}.Release|Any CPU.Build.0 = Release|Any CPU
	EndGlobalSection
	GlobalSection(SolutionProperties) = preSolution
		HideSolutionNode = FALSE
	EndGlobalSection
=======
																																																																GlobalSection(MonoDevelopProperties) = preSolution
>>>>>>> 8a88dfab2dff6f473d69f6ad1aadb828b701786b
=======
																								GlobalSection(MonoDevelopProperties) = preSolution
>>>>>>> 044fb8d6565caafd9b8e425f00f5770175982604
		StartupItem = Assembly-CSharp.csproj
		Policies = $0
		$0.TextStylePolicy = $1
		$1.inheritsSet = null
		$1.scope = text/x-csharp
		$0.CSharpFormattingPolicy = $2
		$2.inheritsSet = Mono
		$2.inheritsScope = text/x-csharp
		$2.scope = text/x-csharp
		$0.TextStylePolicy = $3
		$3.FileWidth = 120
		$3.TabWidth = 4
		$3.IndentWidth = 4
		$3.EolMarker = Unix
		$3.inheritsSet = Mono
		$3.inheritsScope = text/plain
		$3.scope = text/plain
	EndGlobalSection

EndGlobal
